
Microsoft Visual Studio Solution File, Format Version 12.00
# Visual Studio Version 16
VisualStudioVersion = 16.0.28922.388
MinimumVisualStudioVersion = 10.0.40219.1
Project("{F2A71F9B-5D33-465A-A702-920D77279786}") = "FSharpforFinance", "FSharpforFinance.fsproj", "{C0E64441-79FB-44CD-82A7-3098E747FC9C}"
EndProject
Global
	GlobalSection(SolutionConfigurationPlatforms) = preSolution
		Debug|Any CPU = Debug|Any CPU
		Release|Any CPU = Release|Any CPU
	EndGlobalSection
	GlobalSection(ProjectConfigurationPlatforms) = postSolution
		{C0E64441-79FB-44CD-82A7-3098E747FC9C}.Debug|Any CPU.ActiveCfg = Debug|Any CPU
		{C0E64441-79FB-44CD-82A7-3098E747FC9C}.Debug|Any CPU.Build.0 = Debug|Any CPU
		{C0E64441-79FB-44CD-82A7-3098E747FC9C}.Release|Any CPU.ActiveCfg = Release|Any CPU
		{C0E64441-79FB-44CD-82A7-3098E747FC9C}.Release|Any CPU.Build.0 = Release|Any CPU
	EndGlobalSection
	GlobalSection(SolutionProperties) = preSolution
		HideSolutionNode = FALSE
	EndGlobalSection
	GlobalSection(ExtensibilityGlobals) = postSolution
		SolutionGuid = {E8F28DE8-FEFE-4264-A4F0-493241121AF9}
	EndGlobalSection
EndGlobal
